
Microsoft Visual Studio Solution File, Format Version 11.00
# Visual Studio 2010
Project("{2857B73E-F847-4B02-9238-064979017E93}") = "bygfoot", "src\bygfoot.cproj", "{33CA070F-9DD4-43B2-9455-995F9760229C}"
EndProject
Project("{FAE04EC0-301F-11D3-BF4B-00C04F79EFBC}") = "Bygfoot.Net", "cs\Bygfoot.Net.csproj", "{19E0AF26-8626-4254-829D-46FEE6BB4EA7}"
EndProject
Project("{FAE04EC0-301F-11D3-BF4B-00C04F79EFBC}") = "Bygfoot.Xwt", "Bygfoot.Xwt\Bygfoot.Xwt.csproj", "{170D4332-4056-422E-8E52-805C93AD268B}"
EndProject
Project("{FAE04EC0-301F-11D3-BF4B-00C04F79EFBC}") = "Bygfoot.Xwt.Gtk", "Bygfoot.Xwt.Gtk\Bygfoot.Xwt.Gtk.csproj", "{508DDFC2-E60F-4257-B75D-C9DA17C7ED5C}"
EndProject
Project("{FAE04EC0-301F-11D3-BF4B-00C04F79EFBC}") = "Bygfoot.Xwt.Mac", "Bygfoot.Xwt.Mac\Bygfoot.Xwt.Mac.csproj", "{87095FE3-FA5A-4027-A5D1-F225A482CDCC}"
EndProject
Project("{FAE04EC0-301F-11D3-BF4B-00C04F79EFBC}") = "Bygfoot.Xwt.WPF", "Bygfoot.Xwt.WPF\Bygfoot.Xwt.WPF.csproj", "{5E34EE7D-D878-4E72-8F0D-4D8EAA0B020E}"
EndProject
Global
	GlobalSection(SolutionConfigurationPlatforms) = preSolution
		Debug|Any CPU = Debug|Any CPU
		Release|Any CPU = Release|Any CPU
		Debug|x86 = Debug|x86
		Release|x86 = Release|x86
	EndGlobalSection
	GlobalSection(ProjectConfigurationPlatforms) = postSolution
		{170D4332-4056-422E-8E52-805C93AD268B}.Debug|Any CPU.ActiveCfg = Debug|x86
		{170D4332-4056-422E-8E52-805C93AD268B}.Debug|Any CPU.Build.0 = Debug|x86
		{170D4332-4056-422E-8E52-805C93AD268B}.Debug|x86.ActiveCfg = Debug|x86
		{170D4332-4056-422E-8E52-805C93AD268B}.Debug|x86.Build.0 = Debug|x86
		{170D4332-4056-422E-8E52-805C93AD268B}.Release|Any CPU.ActiveCfg = Release|x86
		{170D4332-4056-422E-8E52-805C93AD268B}.Release|Any CPU.Build.0 = Release|x86
		{170D4332-4056-422E-8E52-805C93AD268B}.Release|x86.ActiveCfg = Release|x86
		{170D4332-4056-422E-8E52-805C93AD268B}.Release|x86.Build.0 = Release|x86
		{19E0AF26-8626-4254-829D-46FEE6BB4EA7}.Debug|Any CPU.ActiveCfg = Debug|Any CPU
		{19E0AF26-8626-4254-829D-46FEE6BB4EA7}.Debug|Any CPU.Build.0 = Debug|Any CPU
		{19E0AF26-8626-4254-829D-46FEE6BB4EA7}.Debug|x86.ActiveCfg = Debug|Any CPU
		{19E0AF26-8626-4254-829D-46FEE6BB4EA7}.Debug|x86.Build.0 = Debug|Any CPU
		{19E0AF26-8626-4254-829D-46FEE6BB4EA7}.Release|Any CPU.ActiveCfg = Release|Any CPU
		{19E0AF26-8626-4254-829D-46FEE6BB4EA7}.Release|Any CPU.Build.0 = Release|Any CPU
		{19E0AF26-8626-4254-829D-46FEE6BB4EA7}.Release|x86.ActiveCfg = Release|Any CPU
		{19E0AF26-8626-4254-829D-46FEE6BB4EA7}.Release|x86.Build.0 = Release|Any CPU
		{33CA070F-9DD4-43B2-9455-995F9760229C}.Debug|Any CPU.ActiveCfg = Debug|Any CPU
		{33CA070F-9DD4-43B2-9455-995F9760229C}.Debug|Any CPU.Build.0 = Debug|Any CPU
		{33CA070F-9DD4-43B2-9455-995F9760229C}.Debug|x86.ActiveCfg = Debug|Any CPU
		{33CA070F-9DD4-43B2-9455-995F9760229C}.Debug|x86.Build.0 = Debug|Any CPU
		{33CA070F-9DD4-43B2-9455-995F9760229C}.Release|Any CPU.ActiveCfg = Release|Any CPU
		{33CA070F-9DD4-43B2-9455-995F9760229C}.Release|Any CPU.Build.0 = Release|Any CPU
		{33CA070F-9DD4-43B2-9455-995F9760229C}.Release|x86.ActiveCfg = Release|Any CPU
		{33CA070F-9DD4-43B2-9455-995F9760229C}.Release|x86.Build.0 = Release|Any CPU
		{508DDFC2-E60F-4257-B75D-C9DA17C7ED5C}.Debug|Any CPU.ActiveCfg = Debug|x86
		{508DDFC2-E60F-4257-B75D-C9DA17C7ED5C}.Debug|Any CPU.Build.0 = Debug|x86
		{508DDFC2-E60F-4257-B75D-C9DA17C7ED5C}.Debug|x86.ActiveCfg = Debug|x86
		{508DDFC2-E60F-4257-B75D-C9DA17C7ED5C}.Debug|x86.Build.0 = Debug|x86
		{508DDFC2-E60F-4257-B75D-C9DA17C7ED5C}.Release|Any CPU.ActiveCfg = Release|x86
		{508DDFC2-E60F-4257-B75D-C9DA17C7ED5C}.Release|Any CPU.Build.0 = Release|x86
		{508DDFC2-E60F-4257-B75D-C9DA17C7ED5C}.Release|x86.ActiveCfg = Release|x86
		{508DDFC2-E60F-4257-B75D-C9DA17C7ED5C}.Release|x86.Build.0 = Release|x86
		{5E34EE7D-D878-4E72-8F0D-4D8EAA0B020E}.Debug|Any CPU.ActiveCfg = Debug|x86
		{5E34EE7D-D878-4E72-8F0D-4D8EAA0B020E}.Debug|Any CPU.Build.0 = Debug|x86
		{5E34EE7D-D878-4E72-8F0D-4D8EAA0B020E}.Debug|x86.ActiveCfg = Debug|x86
		{5E34EE7D-D878-4E72-8F0D-4D8EAA0B020E}.Debug|x86.Build.0 = Debug|x86
		{5E34EE7D-D878-4E72-8F0D-4D8EAA0B020E}.Release|Any CPU.ActiveCfg = Release|x86
		{5E34EE7D-D878-4E72-8F0D-4D8EAA0B020E}.Release|Any CPU.Build.0 = Release|x86
		{5E34EE7D-D878-4E72-8F0D-4D8EAA0B020E}.Release|x86.ActiveCfg = Release|x86
		{5E34EE7D-D878-4E72-8F0D-4D8EAA0B020E}.Release|x86.Build.0 = Release|x86
		{87095FE3-FA5A-4027-A5D1-F225A482CDCC}.Debug|Any CPU.ActiveCfg = Debug|x86
		{87095FE3-FA5A-4027-A5D1-F225A482CDCC}.Debug|Any CPU.Build.0 = Debug|x86
		{87095FE3-FA5A-4027-A5D1-F225A482CDCC}.Debug|x86.ActiveCfg = Debug|x86
		{87095FE3-FA5A-4027-A5D1-F225A482CDCC}.Debug|x86.Build.0 = Debug|x86
		{87095FE3-FA5A-4027-A5D1-F225A482CDCC}.Release|Any CPU.ActiveCfg = Release|x86
		{87095FE3-FA5A-4027-A5D1-F225A482CDCC}.Release|Any CPU.Build.0 = Release|x86
		{87095FE3-FA5A-4027-A5D1-F225A482CDCC}.Release|x86.ActiveCfg = Release|x86
		{87095FE3-FA5A-4027-A5D1-F225A482CDCC}.Release|x86.Build.0 = Release|x86
	EndGlobalSection
	GlobalSection(MonoDevelopProperties) = preSolution
		StartupItem = Bygfoot.Xwt.Mac\Bygfoot.Xwt.Mac.csproj
	EndGlobalSection
EndGlobal
