
Microsoft Visual Studio Solution File, Format Version 12.00
# Visual Studio 15
VisualStudioVersion = 15.0.26730.16
MinimumVisualStudioVersion = 10.0.40219.1
Project("{FAE04EC0-301F-11D3-BF4B-00C04F79EFBC}") = "Bygfoot.Net", "cs\Bygfoot.Net.csproj", "{19E0AF26-8626-4254-829D-46FEE6BB4EA7}"
EndProject
Project("{FAE04EC0-301F-11D3-BF4B-00C04F79EFBC}") = "Bygfoot.Xwt", "Bygfoot.Xwt\Bygfoot.Xwt.csproj", "{170D4332-4056-422E-8E52-805C93AD268B}"
EndProject
Project("{FAE04EC0-301F-11D3-BF4B-00C04F79EFBC}") = "Bygfoot.Xwt.Gtk", "Bygfoot.Xwt.Gtk\Bygfoot.Xwt.Gtk.csproj", "{508DDFC2-E60F-4257-B75D-C9DA17C7ED5C}"
EndProject
Project("{FAE04EC0-301F-11D3-BF4B-00C04F79EFBC}") = "Bygfoot.Xwt.Mac", "Bygfoot.Xwt.Mac\Bygfoot.Xwt.Mac.csproj", "{87095FE3-FA5A-4027-A5D1-F225A482CDCC}"
EndProject
Project("{FAE04EC0-301F-11D3-BF4B-00C04F79EFBC}") = "Bygfoot.Xwt.WPF", "Bygfoot.Xwt.WPF\Bygfoot.Xwt.WPF.csproj", "{5E34EE7D-D878-4E72-8F0D-4D8EAA0B020E}"
EndProject
Project("{8BC9CEB8-8B4A-11D0-8D11-00A0C91BC942}") = "bygfoot", "src\bygfoot.vcxproj", "{9FB962CD-4EB1-4914-AD2B-044BF5090B19}"
EndProject
Project("{9A19103F-16F7-4668-BE54-9A1E7A4F7556}") = "Bygfoot", "Bygfoot\Bygfoot.csproj", "{C918D151-9DE7-4F1E-99DA-82534CE7B05C}"
EndProject
Global
	GlobalSection(SolutionConfigurationPlatforms) = preSolution
		Debug|Any CPU = Debug|Any CPU
		Debug|x64 = Debug|x64
		Debug|x86 = Debug|x86
		Release|Any CPU = Release|Any CPU
		Release|x64 = Release|x64
		Release|x86 = Release|x86
	EndGlobalSection
	GlobalSection(ProjectConfigurationPlatforms) = postSolution
		{19E0AF26-8626-4254-829D-46FEE6BB4EA7}.Debug|Any CPU.ActiveCfg = Debug|Any CPU
		{19E0AF26-8626-4254-829D-46FEE6BB4EA7}.Debug|Any CPU.Build.0 = Debug|Any CPU
		{19E0AF26-8626-4254-829D-46FEE6BB4EA7}.Debug|x64.ActiveCfg = Debug|Any CPU
		{19E0AF26-8626-4254-829D-46FEE6BB4EA7}.Debug|x64.Build.0 = Debug|Any CPU
		{19E0AF26-8626-4254-829D-46FEE6BB4EA7}.Debug|x86.ActiveCfg = Debug|Any CPU
		{19E0AF26-8626-4254-829D-46FEE6BB4EA7}.Debug|x86.Build.0 = Debug|Any CPU
		{19E0AF26-8626-4254-829D-46FEE6BB4EA7}.Release|Any CPU.ActiveCfg = Release|Any CPU
		{19E0AF26-8626-4254-829D-46FEE6BB4EA7}.Release|Any CPU.Build.0 = Release|Any CPU
		{19E0AF26-8626-4254-829D-46FEE6BB4EA7}.Release|x64.ActiveCfg = Release|Any CPU
		{19E0AF26-8626-4254-829D-46FEE6BB4EA7}.Release|x64.Build.0 = Release|Any CPU
		{19E0AF26-8626-4254-829D-46FEE6BB4EA7}.Release|x86.ActiveCfg = Release|Any CPU
		{19E0AF26-8626-4254-829D-46FEE6BB4EA7}.Release|x86.Build.0 = Release|Any CPU
		{170D4332-4056-422E-8E52-805C93AD268B}.Debug|Any CPU.ActiveCfg = Debug|x86
		{170D4332-4056-422E-8E52-805C93AD268B}.Debug|Any CPU.Build.0 = Debug|x86
		{170D4332-4056-422E-8E52-805C93AD268B}.Debug|x64.ActiveCfg = Debug|x86
		{170D4332-4056-422E-8E52-805C93AD268B}.Debug|x86.ActiveCfg = Debug|x86
		{170D4332-4056-422E-8E52-805C93AD268B}.Debug|x86.Build.0 = Debug|x86
		{170D4332-4056-422E-8E52-805C93AD268B}.Release|Any CPU.ActiveCfg = Release|x86
		{170D4332-4056-422E-8E52-805C93AD268B}.Release|Any CPU.Build.0 = Release|x86
		{170D4332-4056-422E-8E52-805C93AD268B}.Release|x64.ActiveCfg = Release|x86
		{170D4332-4056-422E-8E52-805C93AD268B}.Release|x86.ActiveCfg = Release|x86
		{170D4332-4056-422E-8E52-805C93AD268B}.Release|x86.Build.0 = Release|x86
		{508DDFC2-E60F-4257-B75D-C9DA17C7ED5C}.Debug|Any CPU.ActiveCfg = Debug|x86
		{508DDFC2-E60F-4257-B75D-C9DA17C7ED5C}.Debug|Any CPU.Build.0 = Debug|x86
		{508DDFC2-E60F-4257-B75D-C9DA17C7ED5C}.Debug|x64.ActiveCfg = Debug|x86
		{508DDFC2-E60F-4257-B75D-C9DA17C7ED5C}.Debug|x86.ActiveCfg = Debug|x86
		{508DDFC2-E60F-4257-B75D-C9DA17C7ED5C}.Debug|x86.Build.0 = Debug|x86
		{508DDFC2-E60F-4257-B75D-C9DA17C7ED5C}.Release|Any CPU.ActiveCfg = Release|x86
		{508DDFC2-E60F-4257-B75D-C9DA17C7ED5C}.Release|Any CPU.Build.0 = Release|x86
		{508DDFC2-E60F-4257-B75D-C9DA17C7ED5C}.Release|x64.ActiveCfg = Release|x86
		{508DDFC2-E60F-4257-B75D-C9DA17C7ED5C}.Release|x86.ActiveCfg = Release|x86
		{508DDFC2-E60F-4257-B75D-C9DA17C7ED5C}.Release|x86.Build.0 = Release|x86
		{87095FE3-FA5A-4027-A5D1-F225A482CDCC}.Debug|Any CPU.ActiveCfg = Debug|x86
		{87095FE3-FA5A-4027-A5D1-F225A482CDCC}.Debug|Any CPU.Build.0 = Debug|x86
		{87095FE3-FA5A-4027-A5D1-F225A482CDCC}.Debug|x64.ActiveCfg = Debug|x86
		{87095FE3-FA5A-4027-A5D1-F225A482CDCC}.Debug|x86.ActiveCfg = Debug|x86
		{87095FE3-FA5A-4027-A5D1-F225A482CDCC}.Debug|x86.Build.0 = Debug|x86
		{87095FE3-FA5A-4027-A5D1-F225A482CDCC}.Release|Any CPU.ActiveCfg = Release|x86
		{87095FE3-FA5A-4027-A5D1-F225A482CDCC}.Release|Any CPU.Build.0 = Release|x86
		{87095FE3-FA5A-4027-A5D1-F225A482CDCC}.Release|x64.ActiveCfg = Release|x86
		{87095FE3-FA5A-4027-A5D1-F225A482CDCC}.Release|x86.ActiveCfg = Release|x86
		{87095FE3-FA5A-4027-A5D1-F225A482CDCC}.Release|x86.Build.0 = Release|x86
		{5E34EE7D-D878-4E72-8F0D-4D8EAA0B020E}.Debug|Any CPU.ActiveCfg = Debug|x86
		{5E34EE7D-D878-4E72-8F0D-4D8EAA0B020E}.Debug|Any CPU.Build.0 = Debug|x86
		{5E34EE7D-D878-4E72-8F0D-4D8EAA0B020E}.Debug|x64.ActiveCfg = Debug|x86
		{5E34EE7D-D878-4E72-8F0D-4D8EAA0B020E}.Debug|x86.ActiveCfg = Debug|x86
		{5E34EE7D-D878-4E72-8F0D-4D8EAA0B020E}.Debug|x86.Build.0 = Debug|x86
		{5E34EE7D-D878-4E72-8F0D-4D8EAA0B020E}.Release|Any CPU.ActiveCfg = Release|x86
		{5E34EE7D-D878-4E72-8F0D-4D8EAA0B020E}.Release|Any CPU.Build.0 = Release|x86
		{5E34EE7D-D878-4E72-8F0D-4D8EAA0B020E}.Release|x64.ActiveCfg = Release|x86
		{5E34EE7D-D878-4E72-8F0D-4D8EAA0B020E}.Release|x86.ActiveCfg = Release|x86
		{5E34EE7D-D878-4E72-8F0D-4D8EAA0B020E}.Release|x86.Build.0 = Release|x86
		{9FB962CD-4EB1-4914-AD2B-044BF5090B19}.Debug|Any CPU.ActiveCfg = Debug|Win32
		{9FB962CD-4EB1-4914-AD2B-044BF5090B19}.Debug|x64.ActiveCfg = Debug|x64
		{9FB962CD-4EB1-4914-AD2B-044BF5090B19}.Debug|x64.Build.0 = Debug|x64
		{9FB962CD-4EB1-4914-AD2B-044BF5090B19}.Debug|x86.ActiveCfg = Debug|Win32
		{9FB962CD-4EB1-4914-AD2B-044BF5090B19}.Debug|x86.Build.0 = Debug|Win32
		{9FB962CD-4EB1-4914-AD2B-044BF5090B19}.Release|Any CPU.ActiveCfg = Release|Win32
		{9FB962CD-4EB1-4914-AD2B-044BF5090B19}.Release|x64.ActiveCfg = Release|x64
		{9FB962CD-4EB1-4914-AD2B-044BF5090B19}.Release|x64.Build.0 = Release|x64
		{9FB962CD-4EB1-4914-AD2B-044BF5090B19}.Release|x86.ActiveCfg = Release|Win32
		{9FB962CD-4EB1-4914-AD2B-044BF5090B19}.Release|x86.Build.0 = Release|Win32
		{C918D151-9DE7-4F1E-99DA-82534CE7B05C}.Debug|Any CPU.ActiveCfg = Debug|Any CPU
		{C918D151-9DE7-4F1E-99DA-82534CE7B05C}.Debug|Any CPU.Build.0 = Debug|Any CPU
		{C918D151-9DE7-4F1E-99DA-82534CE7B05C}.Debug|x64.ActiveCfg = Debug|Any CPU
		{C918D151-9DE7-4F1E-99DA-82534CE7B05C}.Debug|x64.Build.0 = Debug|Any CPU
		{C918D151-9DE7-4F1E-99DA-82534CE7B05C}.Debug|x86.ActiveCfg = Debug|Any CPU
		{C918D151-9DE7-4F1E-99DA-82534CE7B05C}.Debug|x86.Build.0 = Debug|Any CPU
		{C918D151-9DE7-4F1E-99DA-82534CE7B05C}.Release|Any CPU.ActiveCfg = Release|Any CPU
		{C918D151-9DE7-4F1E-99DA-82534CE7B05C}.Release|Any CPU.Build.0 = Release|Any CPU
		{C918D151-9DE7-4F1E-99DA-82534CE7B05C}.Release|x64.ActiveCfg = Release|Any CPU
		{C918D151-9DE7-4F1E-99DA-82534CE7B05C}.Release|x64.Build.0 = Release|Any CPU
		{C918D151-9DE7-4F1E-99DA-82534CE7B05C}.Release|x86.ActiveCfg = Release|Any CPU
		{C918D151-9DE7-4F1E-99DA-82534CE7B05C}.Release|x86.Build.0 = Release|Any CPU
	EndGlobalSection
	GlobalSection(SolutionProperties) = preSolution
		HideSolutionNode = FALSE
	EndGlobalSection
	GlobalSection(ExtensibilityGlobals) = postSolution
		SolutionGuid = {BF36DDEA-CCE0-41E1-A8A9-ACD3D38258E9}
	EndGlobalSection
	GlobalSection(MonoDevelopProperties) = preSolution
		StartupItem = Bygfoot.Xwt.Mac\Bygfoot.Xwt.Mac.csproj
	EndGlobalSection
EndGlobal
