<?xml version="1.0" encoding="utf-8"?>
<Project ToolsVersion="4.0" xmlns="http://schemas.microsoft.com/developer/msbuild/2003">
  <ItemGroup>
    <Filter Include="Source Files">
      <UniqueIdentifier>{4FC737F1-C7A5-4376-A066-2A32D752A2FF}</UniqueIdentifier>
      <Extensions>cpp;c;cc;cxx;def;odl;idl;hpj;bat;asm;asmx</Extensions>
    </Filter>
    <Filter Include="Header Files">
      <UniqueIdentifier>{93995380-89BD-4b04-88EB-625FBE52EBFB}</UniqueIdentifier>
      <Extensions>h;hh;hpp;hxx;hm;inl;inc;xsd</Extensions>
    </Filter>
    <Filter Include="Resource Files">
      <UniqueIdentifier>{67DA6AB6-F800-4c08-8B7A-83BB121AAD01}</UniqueIdentifier>
      <Extensions>rc;ico;cur;bmp;dlg;rc2;rct;bin;rgs;gif;jpg;jpeg;jpe;resx;tiff;tif;png;wav</Extensions>
    </Filter>
  </ItemGroup>
  <ItemGroup>
    <ClCompile Include="bet.c">
      <Filter>Source Files</Filter>
    </ClCompile>
    <ClCompile Include="callbacks.c">
      <Filter>Source Files</Filter>
    </ClCompile>
    <ClCompile Include="callback_func.c">
      <Filter>Source Files</Filter>
    </ClCompile>
    <ClCompile Include="cup.c">
      <Filter>Source Files</Filter>
    </ClCompile>
    <ClCompile Include="debug.c">
      <Filter>Source Files</Filter>
    </ClCompile>
    <ClCompile Include="file.c">
      <Filter>Source Files</Filter>
    </ClCompile>
    <ClCompile Include="finance.c">
      <Filter>Source Files</Filter>
    </ClCompile>
    <ClCompile Include="fixture.c">
      <Filter>Source Files</Filter>
    </ClCompile>
    <ClCompile Include="free.c">
      <Filter>Source Files</Filter>
    </ClCompile>
    <ClCompile Include="game.c">
      <Filter>Source Files</Filter>
    </ClCompile>
    <ClCompile Include="game_gui.c">
      <Filter>Source Files</Filter>
    </ClCompile>
    <ClCompile Include="gui.c">
      <Filter>Source Files</Filter>
    </ClCompile>
    <ClCompile Include="interface.c">
      <Filter>Source Files</Filter>
    </ClCompile>
    <ClCompile Include="job.c">
      <Filter>Source Files</Filter>
    </ClCompile>
    <ClCompile Include="language.c">
      <Filter>Source Files</Filter>
    </ClCompile>
    <ClCompile Include="league.c">
      <Filter>Source Files</Filter>
    </ClCompile>
    <ClCompile Include="league_table_callbacks.c">
      <Filter>Source Files</Filter>
    </ClCompile>
    <ClCompile Include="lg_commentary.c">
      <Filter>Source Files</Filter>
    </ClCompile>
    <ClCompile Include="live_game.c">
      <Filter>Source Files</Filter>
    </ClCompile>
    <ClCompile Include="load_save.c">
      <Filter>Source Files</Filter>
    </ClCompile>
    <ClCompile Include="main.c">
      <Filter>Source Files</Filter>
    </ClCompile>
    <ClCompile Include="maths.c">
      <Filter>Source Files</Filter>
    </ClCompile>
    <ClCompile Include="misc.c">
      <Filter>Source Files</Filter>
    </ClCompile>
    <ClCompile Include="misc2_callbacks.c">
      <Filter>Source Files</Filter>
    </ClCompile>
    <ClCompile Include="misc2_callback_func.c">
      <Filter>Source Files</Filter>
    </ClCompile>
    <ClCompile Include="misc2_interface.c">
      <Filter>Source Files</Filter>
    </ClCompile>
    <ClCompile Include="misc3_callbacks.c">
      <Filter>Source Files</Filter>
    </ClCompile>
    <ClCompile Include="misc3_interface.c">
      <Filter>Source Files</Filter>
    </ClCompile>
    <ClCompile Include="misc_callbacks.c">
      <Filter>Source Files</Filter>
    </ClCompile>
    <ClCompile Include="misc_callback_func.c">
      <Filter>Source Files</Filter>
    </ClCompile>
    <ClCompile Include="misc_interface.c">
      <Filter>Source Files</Filter>
    </ClCompile>
    <ClCompile Include="name.c">
      <Filter>Source Files</Filter>
    </ClCompile>
    <ClCompile Include="news.c">
      <Filter>Source Files</Filter>
    </ClCompile>
    <ClCompile Include="nonsourcestrings.c">
      <Filter>Source Files</Filter>
    </ClCompile>
    <ClCompile Include="option.c">
      <Filter>Source Files</Filter>
    </ClCompile>
    <ClCompile Include="options_callbacks.c">
      <Filter>Source Files</Filter>
    </ClCompile>
    <ClCompile Include="options_interface.c">
      <Filter>Source Files</Filter>
    </ClCompile>
    <ClCompile Include="option_gui.c">
      <Filter>Source Files</Filter>
    </ClCompile>
    <ClCompile Include="player.c">
      <Filter>Source Files</Filter>
    </ClCompile>
    <ClCompile Include="start_end.c">
      <Filter>Source Files</Filter>
    </ClCompile>
    <ClCompile Include="stat.c">
      <Filter>Source Files</Filter>
    </ClCompile>
    <ClCompile Include="strategy.c">
      <Filter>Source Files</Filter>
    </ClCompile>
    <ClCompile Include="support.c">
      <Filter>Source Files</Filter>
    </ClCompile>
    <ClCompile Include="table.c">
      <Filter>Source Files</Filter>
    </ClCompile>
    <ClCompile Include="team.c">
      <Filter>Source Files</Filter>
    </ClCompile>
    <ClCompile Include="training.c">
      <Filter>Source Files</Filter>
    </ClCompile>
    <ClCompile Include="training_callbacks.c">
      <Filter>Source Files</Filter>
    </ClCompile>
    <ClCompile Include="training_interface.c">
      <Filter>Source Files</Filter>
    </ClCompile>
    <ClCompile Include="transfer.c">
      <Filter>Source Files</Filter>
    </ClCompile>
    <ClCompile Include="treeview.c">
      <Filter>Source Files</Filter>
    </ClCompile>
    <ClCompile Include="treeview2.c">
      <Filter>Source Files</Filter>
    </ClCompile>
    <ClCompile Include="treeview_helper.c">
      <Filter>Source Files</Filter>
    </ClCompile>
    <ClCompile Include="user.c">
      <Filter>Source Files</Filter>
    </ClCompile>
    <ClCompile Include="window.c">
      <Filter>Source Files</Filter>
    </ClCompile>
    <ClCompile Include="xml.c">
      <Filter>Source Files</Filter>
    </ClCompile>
    <ClCompile Include="xml_country.c">
      <Filter>Source Files</Filter>
    </ClCompile>
    <ClCompile Include="xml_cup.c">
      <Filter>Source Files</Filter>
    </ClCompile>
    <ClCompile Include="xml_league.c">
      <Filter>Source Files</Filter>
    </ClCompile>
    <ClCompile Include="xml_lg_commentary.c">
      <Filter>Source Files</Filter>
    </ClCompile>
    <ClCompile Include="xml_loadsave_cup.c">
      <Filter>Source Files</Filter>
    </ClCompile>
    <ClCompile Include="xml_loadsave_fixtures.c">
      <Filter>Source Files</Filter>
    </ClCompile>
    <ClCompile Include="xml_loadsave_jobs.c">
      <Filter>Source Files</Filter>
    </ClCompile>
    <ClCompile Include="xml_loadsave_league.c">
      <Filter>Source Files</Filter>
    </ClCompile>
    <ClCompile Include="xml_loadsave_leagues_cups.c">
      <Filter>Source Files</Filter>
    </ClCompile>
    <ClCompile Include="xml_loadsave_league_stat.c">
      <Filter>Source Files</Filter>
    </ClCompile>
    <ClCompile Include="xml_loadsave_live_game.c">
      <Filter>Source Files</Filter>
    </ClCompile>
    <ClCompile Include="xml_loadsave_misc.c">
      <Filter>Source Files</Filter>
    </ClCompile>
    <ClCompile Include="xml_loadsave_newspaper.c">
      <Filter>Source Files</Filter>
    </ClCompile>
    <ClCompile Include="xml_loadsave_players.c">
      <Filter>Source Files</Filter>
    </ClCompile>
    <ClCompile Include="xml_loadsave_season_stats.c">
      <Filter>Source Files</Filter>
    </ClCompile>
    <ClCompile Include="xml_loadsave_table.c">
      <Filter>Source Files</Filter>
    </ClCompile>
    <ClCompile Include="xml_loadsave_teams.c">
      <Filter>Source Files</Filter>
    </ClCompile>
    <ClCompile Include="xml_loadsave_transfers.c">
      <Filter>Source Files</Filter>
    </ClCompile>
    <ClCompile Include="xml_loadsave_users.c">
      <Filter>Source Files</Filter>
    </ClCompile>
    <ClCompile Include="xml_mmatches.c">
      <Filter>Source Files</Filter>
    </ClCompile>
    <ClCompile Include="xml_name.c">
      <Filter>Source Files</Filter>
    </ClCompile>
    <ClCompile Include="xml_news.c">
      <Filter>Source Files</Filter>
    </ClCompile>
    <ClCompile Include="xml_strategy.c">
      <Filter>Source Files</Filter>
    </ClCompile>
    <ClCompile Include="xml_team.c">
      <Filter>Source Files</Filter>
    </ClCompile>
    <ClCompile Include="youth_academy.c">
      <Filter>Source Files</Filter>
    </ClCompile>
    <ClCompile Include="zip\unzip.c">
      <Filter>Source Files</Filter>
    </ClCompile>
    <ClCompile Include="zip\zip.c">
      <Filter>Source Files</Filter>
    </ClCompile>
  </ItemGroup>
  <ItemGroup>
    <ClInclude Include="bet.h">
      <Filter>Header Files</Filter>
    </ClInclude>
    <ClInclude Include="bet_struct.h">
      <Filter>Header Files</Filter>
    </ClInclude>
    <ClInclude Include="bygfoot.h">
      <Filter>Header Files</Filter>
    </ClInclude>
    <ClInclude Include="bygfoot_private.h">
      <Filter>Header Files</Filter>
    </ClInclude>
    <ClInclude Include="callbacks.h">
      <Filter>Header Files</Filter>
    </ClInclude>
    <ClInclude Include="callback_func.h">
      <Filter>Header Files</Filter>
    </ClInclude>
    <ClInclude Include="cup.h">
      <Filter>Header Files</Filter>
    </ClInclude>
    <ClInclude Include="cup_struct.h">
      <Filter>Header Files</Filter>
    </ClInclude>
    <ClInclude Include="debug.h">
      <Filter>Header Files</Filter>
    </ClInclude>
    <ClInclude Include="enums.h">
      <Filter>Header Files</Filter>
    </ClInclude>
    <ClInclude Include="file.h">
      <Filter>Header Files</Filter>
    </ClInclude>
    <ClInclude Include="finance.h">
      <Filter>Header Files</Filter>
    </ClInclude>
    <ClInclude Include="fixture.h">
      <Filter>Header Files</Filter>
    </ClInclude>
    <ClInclude Include="fixture_struct.h">
      <Filter>Header Files</Filter>
    </ClInclude>
    <ClInclude Include="free.h">
      <Filter>Header Files</Filter>
    </ClInclude>
    <ClInclude Include="game.h">
      <Filter>Header Files</Filter>
    </ClInclude>
    <ClInclude Include="game_gui.h">
      <Filter>Header Files</Filter>
    </ClInclude>
    <ClInclude Include="gettext_macros.h">
      <Filter>Header Files</Filter>
    </ClInclude>
    <ClInclude Include="gui.h">
      <Filter>Header Files</Filter>
    </ClInclude>
    <ClInclude Include="interface.h">
      <Filter>Header Files</Filter>
    </ClInclude>
    <ClInclude Include="job.h">
      <Filter>Header Files</Filter>
    </ClInclude>
    <ClInclude Include="job_struct.h">
      <Filter>Header Files</Filter>
    </ClInclude>
    <ClInclude Include="language.h">
      <Filter>Header Files</Filter>
    </ClInclude>
    <ClInclude Include="league.h">
      <Filter>Header Files</Filter>
    </ClInclude>
    <ClInclude Include="league_struct.h">
      <Filter>Header Files</Filter>
    </ClInclude>
    <ClInclude Include="league_table_callbacks.h">
      <Filter>Header Files</Filter>
    </ClInclude>
    <ClInclude Include="lg_commentary.h">
      <Filter>Header Files</Filter>
    </ClInclude>
    <ClInclude Include="lg_commentary_struct.h">
      <Filter>Header Files</Filter>
    </ClInclude>
    <ClInclude Include="live_game.h">
      <Filter>Header Files</Filter>
    </ClInclude>
    <ClInclude Include="live_game_struct.h">
      <Filter>Header Files</Filter>
    </ClInclude>
    <ClInclude Include="load_save.h">
      <Filter>Header Files</Filter>
    </ClInclude>
    <ClInclude Include="main.h">
      <Filter>Header Files</Filter>
    </ClInclude>
    <ClInclude Include="maths.h">
      <Filter>Header Files</Filter>
    </ClInclude>
    <ClInclude Include="misc.h">
      <Filter>Header Files</Filter>
    </ClInclude>
    <ClInclude Include="misc2_callbacks.h">
      <Filter>Header Files</Filter>
    </ClInclude>
    <ClInclude Include="misc2_callback_func.h">
      <Filter>Header Files</Filter>
    </ClInclude>
    <ClInclude Include="misc2_interface.h">
      <Filter>Header Files</Filter>
    </ClInclude>
    <ClInclude Include="misc3_callbacks.h">
      <Filter>Header Files</Filter>
    </ClInclude>
    <ClInclude Include="misc3_interface.h">
      <Filter>Header Files</Filter>
    </ClInclude>
    <ClInclude Include="misc_callbacks.h">
      <Filter>Header Files</Filter>
    </ClInclude>
    <ClInclude Include="misc_callback_func.h">
      <Filter>Header Files</Filter>
    </ClInclude>
    <ClInclude Include="misc_interface.h">
      <Filter>Header Files</Filter>
    </ClInclude>
    <ClInclude Include="name.h">
      <Filter>Header Files</Filter>
    </ClInclude>
    <ClInclude Include="name_struct.h">
      <Filter>Header Files</Filter>
    </ClInclude>
    <ClInclude Include="news.h">
      <Filter>Header Files</Filter>
    </ClInclude>
    <ClInclude Include="news_struct.h">
      <Filter>Header Files</Filter>
    </ClInclude>
    <ClInclude Include="option.h">
      <Filter>Header Files</Filter>
    </ClInclude>
    <ClInclude Include="options_callbacks.h">
      <Filter>Header Files</Filter>
    </ClInclude>
    <ClInclude Include="options_interface.h">
      <Filter>Header Files</Filter>
    </ClInclude>
    <ClInclude Include="option_gui.h">
      <Filter>Header Files</Filter>
    </ClInclude>
    <ClInclude Include="option_struct.h">
      <Filter>Header Files</Filter>
    </ClInclude>
    <ClInclude Include="player.h">
      <Filter>Header Files</Filter>
    </ClInclude>
    <ClInclude Include="player_struct.h">
      <Filter>Header Files</Filter>
    </ClInclude>
    <ClInclude Include="start_end.h">
      <Filter>Header Files</Filter>
    </ClInclude>
    <ClInclude Include="stat.h">
      <Filter>Header Files</Filter>
    </ClInclude>
    <ClInclude Include="stat_struct.h">
      <Filter>Header Files</Filter>
    </ClInclude>
    <ClInclude Include="strategy.h">
      <Filter>Header Files</Filter>
    </ClInclude>
    <ClInclude Include="strategy_struct.h">
      <Filter>Header Files</Filter>
    </ClInclude>
    <ClInclude Include="support.h">
      <Filter>Header Files</Filter>
    </ClInclude>
    <ClInclude Include="table.h">
      <Filter>Header Files</Filter>
    </ClInclude>
    <ClInclude Include="table_struct.h">
      <Filter>Header Files</Filter>
    </ClInclude>
    <ClInclude Include="team.h">
      <Filter>Header Files</Filter>
    </ClInclude>
    <ClInclude Include="team_struct.h">
      <Filter>Header Files</Filter>
    </ClInclude>
    <ClInclude Include="training.h">
      <Filter>Header Files</Filter>
    </ClInclude>
    <ClInclude Include="training_callbacks.h">
      <Filter>Header Files</Filter>
    </ClInclude>
    <ClInclude Include="training_interface.h">
      <Filter>Header Files</Filter>
    </ClInclude>
    <ClInclude Include="training_struct.h">
      <Filter>Header Files</Filter>
    </ClInclude>
    <ClInclude Include="transfer.h">
      <Filter>Header Files</Filter>
    </ClInclude>
    <ClInclude Include="transfer_struct.h">
      <Filter>Header Files</Filter>
    </ClInclude>
    <ClInclude Include="treeview.h">
      <Filter>Header Files</Filter>
    </ClInclude>
    <ClInclude Include="treeview2.h">
      <Filter>Header Files</Filter>
    </ClInclude>
    <ClInclude Include="treeview_helper.h">
      <Filter>Header Files</Filter>
    </ClInclude>
    <ClInclude Include="user.h">
      <Filter>Header Files</Filter>
    </ClInclude>
    <ClInclude Include="user_struct.h">
      <Filter>Header Files</Filter>
    </ClInclude>
    <ClInclude Include="variables.h">
      <Filter>Header Files</Filter>
    </ClInclude>
    <ClInclude Include="window.h">
      <Filter>Header Files</Filter>
    </ClInclude>
    <ClInclude Include="xml.h">
      <Filter>Header Files</Filter>
    </ClInclude>
    <ClInclude Include="xml_country.h">
      <Filter>Header Files</Filter>
    </ClInclude>
    <ClInclude Include="xml_cup.h">
      <Filter>Header Files</Filter>
    </ClInclude>
    <ClInclude Include="xml_league.h">
      <Filter>Header Files</Filter>
    </ClInclude>
    <ClInclude Include="xml_lg_commentary.h">
      <Filter>Header Files</Filter>
    </ClInclude>
    <ClInclude Include="xml_loadsave_cup.h">
      <Filter>Header Files</Filter>
    </ClInclude>
    <ClInclude Include="xml_loadsave_fixtures.h">
      <Filter>Header Files</Filter>
    </ClInclude>
    <ClInclude Include="xml_loadsave_jobs.h">
      <Filter>Header Files</Filter>
    </ClInclude>
    <ClInclude Include="xml_loadsave_league.h">
      <Filter>Header Files</Filter>
    </ClInclude>
    <ClInclude Include="xml_loadsave_leagues_cups.h">
      <Filter>Header Files</Filter>
    </ClInclude>
    <ClInclude Include="xml_loadsave_league_stat.h">
      <Filter>Header Files</Filter>
    </ClInclude>
    <ClInclude Include="xml_loadsave_live_game.h">
      <Filter>Header Files</Filter>
    </ClInclude>
    <ClInclude Include="xml_loadsave_misc.h">
      <Filter>Header Files</Filter>
    </ClInclude>
    <ClInclude Include="xml_loadsave_newspaper.h">
      <Filter>Header Files</Filter>
    </ClInclude>
    <ClInclude Include="xml_loadsave_players.h">
      <Filter>Header Files</Filter>
    </ClInclude>
    <ClInclude Include="xml_loadsave_season_stats.h">
      <Filter>Header Files</Filter>
    </ClInclude>
    <ClInclude Include="xml_loadsave_table.h">
      <Filter>Header Files</Filter>
    </ClInclude>
    <ClInclude Include="xml_loadsave_teams.h">
      <Filter>Header Files</Filter>
    </ClInclude>
    <ClInclude Include="xml_loadsave_transfers.h">
      <Filter>Header Files</Filter>
    </ClInclude>
    <ClInclude Include="xml_loadsave_users.h">
      <Filter>Header Files</Filter>
    </ClInclude>
    <ClInclude Include="xml_mmatches.h">
      <Filter>Header Files</Filter>
    </ClInclude>
    <ClInclude Include="xml_name.h">
      <Filter>Header Files</Filter>
    </ClInclude>
    <ClInclude Include="xml_news.h">
      <Filter>Header Files</Filter>
    </ClInclude>
    <ClInclude Include="xml_strategy.h">
      <Filter>Header Files</Filter>
    </ClInclude>
    <ClInclude Include="xml_team.h">
      <Filter>Header Files</Filter>
    </ClInclude>
    <ClInclude Include="youth_academy.h">
      <Filter>Header Files</Filter>
    </ClInclude>
    <ClInclude Include="youth_academy_struct.h">
      <Filter>Header Files</Filter>
    </ClInclude>
    <ClInclude Include="zip\unzip.h">
      <Filter>Header Files</Filter>
    </ClInclude>
    <ClInclude Include="zip\zip.h">
      <Filter>Header Files</Filter>
    </ClInclude>
  </ItemGroup>
  <ItemGroup>
    <ResourceCompile Include="bygfoot_private.rc">
      <Filter>Resource Files</Filter>
    </ResourceCompile>
  </ItemGroup>
</Project>